// !$*UTF8*$!
{
	archiveVersion = 1;
	classes = {
	};
	objectVersion = 46;
	objects = {

/* Begin PBXBuildFile section */
		56AFBFA81A1C417700AADCE2 /* main.m in Sources */ = {isa = PBXBuildFile; fileRef = 56AFBFA71A1C417700AADCE2 /* main.m */; };
		56AFBFAB1A1C417700AADCE2 /* AppDelegate.m in Sources */ = {isa = PBXBuildFile; fileRef = 56AFBFAA1A1C417700AADCE2 /* AppDelegate.m */; };
		56AFBFAE1A1C417700AADCE2 /* ViewController.m in Sources */ = {isa = PBXBuildFile; fileRef = 56AFBFAD1A1C417700AADCE2 /* ViewController.m */; };
		56AFBFB11A1C417700AADCE2 /* Main.storyboard in Resources */ = {isa = PBXBuildFile; fileRef = 56AFBFAF1A1C417700AADCE2 /* Main.storyboard */; };
		56AFBFB31A1C417700AADCE2 /* Images.xcassets in Resources */ = {isa = PBXBuildFile; fileRef = 56AFBFB21A1C417700AADCE2 /* Images.xcassets */; };
		56AFBFB61A1C417700AADCE2 /* LaunchScreen.xib in Resources */ = {isa = PBXBuildFile; fileRef = 56AFBFB41A1C417700AADCE2 /* LaunchScreen.xib */; };
		56AFBFC21A1C417700AADCE2 /* ____Tests.m in Sources */ = {isa = PBXBuildFile; fileRef = 56AFBFC11A1C417700AADCE2 /* ____Tests.m */; };
/* End PBXBuildFile section */

/* Begin PBXContainerItemProxy section */
		56AFBFBC1A1C417700AADCE2 /* PBXContainerItemProxy */ = {
			isa = PBXContainerItemProxy;
			containerPortal = 56AFBF9A1A1C417700AADCE2 /* Project object */;
			proxyType = 1;
			remoteGlobalIDString = 56AFBFA11A1C417700AADCE2;
			remoteInfo = "内存缓存";
		};
/* End PBXContainerItemProxy section */

/* Begin PBXFileReference section */
		56AFBFA21A1C417700AADCE2 /* 内存缓存.app */ = {isa = PBXFileReference; explicitFileType = wrapper.application; includeInIndex = 0; path = "内存缓存.app"; sourceTree = BUILT_PRODUCTS_DIR; };
		56AFBFA61A1C417700AADCE2 /* Info.plist */ = {isa = PBXFileReference; lastKnownFileType = text.plist.xml; path = Info.plist; sourceTree = "<group>"; };
		56AFBFA71A1C417700AADCE2 /* main.m */ = {isa = PBXFileReference; lastKnownFileType = sourcecode.c.objc; path = main.m; sourceTree = "<group>"; };
		56AFBFA91A1C417700AADCE2 /* AppDelegate.h */ = {isa = PBXFileReference; lastKnownFileType = sourcecode.c.h; path = AppDelegate.h; sourceTree = "<group>"; };
		56AFBFAA1A1C417700AADCE2 /* AppDelegate.m */ = {isa = PBXFileReference; lastKnownFileType = sourcecode.c.objc; path = AppDelegate.m; sourceTree = "<group>"; };
		56AFBFAC1A1C417700AADCE2 /* ViewController.h */ = {isa = PBXFileReference; lastKnownFileType = sourcecode.c.h; path = ViewController.h; sourceTree = "<group>"; };
		56AFBFAD1A1C417700AADCE2 /* ViewController.m */ = {isa = PBXFileReference; lastKnownFileType = sourcecode.c.objc; path = ViewController.m; sourceTree = "<group>"; };
		56AFBFB01A1C417700AADCE2 /* Base */ = {isa = PBXFileReference; lastKnownFileType = file.storyboard; name = Base; path = Base.lproj/Main.storyboard; sourceTree = "<group>"; };
		56AFBFB21A1C417700AADCE2 /* Images.xcassets */ = {isa = PBXFileReference; lastKnownFileType = folder.assetcatalog; path = Images.xcassets; sourceTree = "<group>"; };
		56AFBFB51A1C417700AADCE2 /* Base */ = {isa = PBXFileReference; lastKnownFileType = file.xib; name = Base; path = Base.lproj/LaunchScreen.xib; sourceTree = "<group>"; };
		56AFBFBB1A1C417700AADCE2 /* 内存缓存Tests.xctest */ = {isa = PBXFileReference; explicitFileType = wrapper.cfbundle; includeInIndex = 0; path = "内存缓存Tests.xctest"; sourceTree = BUILT_PRODUCTS_DIR; };
		56AFBFC01A1C417700AADCE2 /* Info.plist */ = {isa = PBXFileReference; lastKnownFileType = text.plist.xml; path = Info.plist; sourceTree = "<group>"; };
		56AFBFC11A1C417700AADCE2 /* ____Tests.m */ = {isa = PBXFileReference; lastKnownFileType = sourcecode.c.objc; path = "____Tests.m"; sourceTree = "<group>"; };
/* End PBXFileReference section */

/* Begin PBXFrameworksBuildPhase section */
		56AFBF9F1A1C417700AADCE2 /* Frameworks */ = {
			isa = PBXFrameworksBuildPhase;
			buildActionMask = 2147483647;
			files = (
			);
			runOnlyForDeploymentPostprocessing = 0;
		};
		56AFBFB81A1C417700AADCE2 /* Frameworks */ = {
			isa = PBXFrameworksBuildPhase;
			buildActionMask = 2147483647;
			files = (
			);
			runOnlyForDeploymentPostprocessing = 0;
		};
/* End PBXFrameworksBuildPhase section */

/* Begin PBXGroup section */
		56AFBF991A1C417700AADCE2 = {
			isa = PBXGroup;
			children = (
				56AFBFA41A1C417700AADCE2 /* 内存缓存 */,
				56AFBFBE1A1C417700AADCE2 /* 内存缓存Tests */,
				56AFBFA31A1C417700AADCE2 /* Products */,
			);
			sourceTree = "<group>";
		};
		56AFBFA31A1C417700AADCE2 /* Products */ = {
			isa = PBXGroup;
			children = (
				56AFBFA21A1C417700AADCE2 /* 内存缓存.app */,
				56AFBFBB1A1C417700AADCE2 /* 内存缓存Tests.xctest */,
			);
			name = Products;
			sourceTree = "<group>";
		};
		56AFBFA41A1C417700AADCE2 /* 内存缓存 */ = {
			isa = PBXGroup;
			children = (
				56AFBFA91A1C417700AADCE2 /* AppDelegate.h */,
				56AFBFAA1A1C417700AADCE2 /* AppDelegate.m */,
				56AFBFAC1A1C417700AADCE2 /* ViewController.h */,
				56AFBFAD1A1C417700AADCE2 /* ViewController.m */,
				56AFBFAF1A1C417700AADCE2 /* Main.storyboard */,
				56AFBFB21A1C417700AADCE2 /* Images.xcassets */,
				56AFBFB41A1C417700AADCE2 /* LaunchScreen.xib */,
				56AFBFA51A1C417700AADCE2 /* Supporting Files */,
			);
			path = "内存缓存";
			sourceTree = "<group>";
		};
		56AFBFA51A1C417700AADCE2 /* Supporting Files */ = {
			isa = PBXGroup;
			children = (
				56AFBFA61A1C417700AADCE2 /* Info.plist */,
				56AFBFA71A1C417700AADCE2 /* main.m */,
			);
			name = "Supporting Files";
			sourceTree = "<group>";
		};
		56AFBFBE1A1C417700AADCE2 /* 内存缓存Tests */ = {
			isa = PBXGroup;
			children = (
				56AFBFC11A1C417700AADCE2 /* ____Tests.m */,
				56AFBFBF1A1C417700AADCE2 /* Supporting Files */,
			);
			path = "内存缓存Tests";
			sourceTree = "<group>";
		};
		56AFBFBF1A1C417700AADCE2 /* Supporting Files */ = {
			isa = PBXGroup;
			children = (
				56AFBFC01A1C417700AADCE2 /* Info.plist */,
			);
			name = "Supporting Files";
			sourceTree = "<group>";
		};
/* End PBXGroup section */

/* Begin PBXNativeTarget section */
		56AFBFA11A1C417700AADCE2 /* 内存缓存 */ = {
			isa = PBXNativeTarget;
			buildConfigurationList = 56AFBFC51A1C417700AADCE2 /* Build configuration list for PBXNativeTarget "内存缓存" */;
			buildPhases = (
				56AFBF9E1A1C417700AADCE2 /* Sources */,
				56AFBF9F1A1C417700AADCE2 /* Frameworks */,
				56AFBFA01A1C417700AADCE2 /* Resources */,
			);
			buildRules = (
			);
			dependencies = (
			);
			name = "内存缓存";
			productName = "内存缓存";
			productReference = 56AFBFA21A1C417700AADCE2 /* 内存缓存.app */;
			productType = "com.apple.product-type.application";
		};
		56AFBFBA1A1C417700AADCE2 /* 内存缓存Tests */ = {
			isa = PBXNativeTarget;
			buildConfigurationList = 56AFBFC81A1C417700AADCE2 /* Build configuration list for PBXNativeTarget "内存缓存Tests" */;
			buildPhases = (
				56AFBFB71A1C417700AADCE2 /* Sources */,
				56AFBFB81A1C417700AADCE2 /* Frameworks */,
				56AFBFB91A1C417700AADCE2 /* Resources */,
			);
			buildRules = (
			);
			dependencies = (
				56AFBFBD1A1C417700AADCE2 /* PBXTargetDependency */,
			);
			name = "内存缓存Tests";
			productName = "内存缓存Tests";
			productReference = 56AFBFBB1A1C417700AADCE2 /* 内存缓存Tests.xctest */;
			productType = "com.apple.product-type.bundle.unit-test";
		};
/* End PBXNativeTarget section */

/* Begin PBXProject section */
		56AFBF9A1A1C417700AADCE2 /* Project object */ = {
			isa = PBXProject;
			attributes = {
				LastUpgradeCheck = 0610;
				ORGANIZATIONNAME = ZZ;
				TargetAttributes = {
					56AFBFA11A1C417700AADCE2 = {
						CreatedOnToolsVersion = 6.1;
					};
					56AFBFBA1A1C417700AADCE2 = {
						CreatedOnToolsVersion = 6.1;
						TestTargetID = 56AFBFA11A1C417700AADCE2;
					};
				};
			};
			buildConfigurationList = 56AFBF9D1A1C417700AADCE2 /* Build configuration list for PBXProject "内存缓存" */;
			compatibilityVersion = "Xcode 3.2";
			developmentRegion = English;
			hasScannedForEncodings = 0;
			knownRegions = (
				en,
				Base,
			);
			mainGroup = 56AFBF991A1C417700AADCE2;
			productRefGroup = 56AFBFA31A1C417700AADCE2 /* Products */;
			projectDirPath = "";
			projectRoot = "";
			targets = (
				56AFBFA11A1C417700AADCE2 /* 内存缓存 */,
				56AFBFBA1A1C417700AADCE2 /* 内存缓存Tests */,
			);
		};
/* End PBXProject section */

/* Begin PBXResourcesBuildPhase section */
		56AFBFA01A1C417700AADCE2 /* Resources */ = {
			isa = PBXResourcesBuildPhase;
			buildActionMask = 2147483647;
			files = (
				56AFBFB11A1C417700AADCE2 /* Main.storyboard in Resources */,
				56AFBFB61A1C417700AADCE2 /* LaunchScreen.xib in Resources */,
				56AFBFB31A1C417700AADCE2 /* Images.xcassets in Resources */,
			);
			runOnlyForDeploymentPostprocessing = 0;
		};
		56AFBFB91A1C417700AADCE2 /* Resources */ = {
			isa = PBXResourcesBuildPhase;
			buildActionMask = 2147483647;
			files = (
			);
			runOnlyForDeploymentPostprocessing = 0;
		};
/* End PBXResourcesBuildPhase section */

/* Begin PBXSourcesBuildPhase section */
		56AFBF9E1A1C417700AADCE2 /* Sources */ = {
			isa = PBXSourcesBuildPhase;
			buildActionMask = 2147483647;
			files = (
				56AFBFAE1A1C417700AADCE2 /* ViewController.m in Sources */,
				56AFBFAB1A1C417700AADCE2 /* AppDelegate.m in Sources */,
				56AFBFA81A1C417700AADCE2 /* main.m in Sources */,
			);
			runOnlyForDeploymentPostprocessing = 0;
		};
		56AFBFB71A1C417700AADCE2 /* Sources */ = {
			isa = PBXSourcesBuildPhase;
			buildActionMask = 2147483647;
			files = (
				56AFBFC21A1C417700AADCE2 /* ____Tests.m in Sources */,
			);
			runOnlyForDeploymentPostprocessing = 0;
		};
/* End PBXSourcesBuildPhase section */

/* Begin PBXTargetDependency section */
		56AFBFBD1A1C417700AADCE2 /* PBXTargetDependency */ = {
			isa = PBXTargetDependency;
			target = 56AFBFA11A1C417700AADCE2 /* 内存缓存 */;
			targetProxy = 56AFBFBC1A1C417700AADCE2 /* PBXContainerItemProxy */;
		};
/* End PBXTargetDependency section */

/* Begin PBXVariantGroup section */
		56AFBFAF1A1C417700AADCE2 /* Main.storyboard */ = {
			isa = PBXVariantGroup;
			children = (
				56AFBFB01A1C417700AADCE2 /* Base */,
			);
			name = Main.storyboard;
			sourceTree = "<group>";
		};
		56AFBFB41A1C417700AADCE2 /* LaunchScreen.xib */ = {
			isa = PBXVariantGroup;
			children = (
				56AFBFB51A1C417700AADCE2 /* Base */,
			);
			name = LaunchScreen.xib;
			sourceTree = "<group>";
		};
/* End PBXVariantGroup section */

/* Begin XCBuildConfiguration section */
		56AFBFC31A1C417700AADCE2 /* Debug */ = {
			isa = XCBuildConfiguration;
			buildSettings = {
				ALWAYS_SEARCH_USER_PATHS = NO;
				CLANG_CXX_LANGUAGE_STANDARD = "gnu++0x";
				CLANG_CXX_LIBRARY = "libc++";
				CLANG_ENABLE_MODULES = YES;
				CLANG_ENABLE_OBJC_ARC = YES;
				CLANG_WARN_BOOL_CONVERSION = YES;
				CLANG_WARN_CONSTANT_CONVERSION = YES;
				CLANG_WARN_DIRECT_OBJC_ISA_USAGE = YES_ERROR;
				CLANG_WARN_EMPTY_BODY = YES;
				CLANG_WARN_ENUM_CONVERSION = YES;
				CLANG_WARN_INT_CONVERSION = YES;
				CLANG_WARN_OBJC_ROOT_CLASS = YES_ERROR;
				CLANG_WARN_UNREACHABLE_CODE = YES;
				CLANG_WARN__DUPLICATE_METHOD_MATCH = YES;
				"CODE_SIGN_IDENTITY[sdk=iphoneos*]" = "iPhone Developer";
				COPY_PHASE_STRIP = NO;
				ENABLE_STRICT_OBJC_MSGSEND = YES;
				GCC_C_LANGUAGE_STANDARD = gnu99;
				GCC_DYNAMIC_NO_PIC = NO;
				GCC_OPTIMIZATION_LEVEL = 0;
				GCC_PREPROCESSOR_DEFINITIONS = (
					"DEBUG=1",
					"$(inherited)",
				);
				GCC_SYMBOLS_PRIVATE_EXTERN = NO;
				GCC_WARN_64_TO_32_BIT_CONVERSION = YES;
				GCC_WARN_ABOUT_RETURN_TYPE = YES_ERROR;
				GCC_WARN_UNDECLARED_SELECTOR = YES;
				GCC_WARN_UNINITIALIZED_AUTOS = YES_AGGRESSIVE;
				GCC_WARN_UNUSED_FUNCTION = YES;
				GCC_WARN_UNUSED_VARIABLE = YES;
				IPHONEOS_DEPLOYMENT_TARGET = 8.1;
				MTL_ENABLE_DEBUG_INFO = YES;
				ONLY_ACTIVE_ARCH = YES;
				SDKROOT = iphoneos;
			};
			name = Debug;
		};
		56AFBFC41A1C417700AADCE2 /* Release */ = {
			isa = XCBuildConfiguration;
			buildSettings = {
				ALWAYS_SEARCH_USER_PATHS = NO;
				CLANG_CXX_LANGUAGE_STANDARD = "gnu++0x";
				CLANG_CXX_LIBRARY = "libc++";
				CLANG_ENABLE_MODULES = YES;
				CLANG_ENABLE_OBJC_ARC = YES;
				CLANG_WARN_BOOL_CONVERSION = YES;
				CLANG_WARN_CONSTANT_CONVERSION = YES;
				CLANG_WARN_DIRECT_OBJC_ISA_USAGE = YES_ERROR;
				CLANG_WARN_EMPTY_BODY = YES;
				CLANG_WARN_ENUM_CONVERSION = YES;
				CLANG_WARN_INT_CONVERSION = YES;
				CLANG_WARN_OBJC_ROOT_CLASS = YES_ERROR;
				CLANG_WARN_UNREACHABLE_CODE = YES;
				CLANG_WARN__DUPLICATE_METHOD_MATCH = YES;
				"CODE_SIGN_IDENTITY[sdk=iphoneos*]" = "iPhone Developer";
				COPY_PHASE_STRIP = YES;
				ENABLE_NS_ASSERTIONS = NO;
				ENABLE_STRICT_OBJC_MSGSEND = YES;
				GCC_C_LANGUAGE_STANDARD = gnu99;
				GCC_WARN_64_TO_32_BIT_CONVERSION = YES;
				GCC_WARN_ABOUT_RETURN_TYPE = YES_ERROR;
				GCC_WARN_UNDECLARED_SELECTOR = YES;
				GCC_WARN_UNINITIALIZED_AUTOS = YES_AGGRESSIVE;
				GCC_WARN_UNUSED_FUNCTION = YES;
				GCC_WARN_UNUSED_VARIABLE = YES;
				IPHONEOS_DEPLOYMENT_TARGET = 8.1;
				MTL_ENABLE_DEBUG_INFO = NO;
				SDKROOT = iphoneos;
				VALIDATE_PRODUCT = YES;
			};
			name = Release;
		};
		56AFBFC61A1C417700AADCE2 /* Debug */ = {
			isa = XCBuildConfiguration;
			buildSettings = {
				ASSETCATALOG_COMPILER_APPICON_NAME = AppIcon;
				INFOPLIST_FILE = "内存缓存/Info.plist";
				LD_RUNPATH_SEARCH_PATHS = "$(inherited) @executable_path/Frameworks";
				PRODUCT_NAME = "$(TARGET_NAME)";
			};
			name = Debug;
		};
		56AFBFC71A1C417700AADCE2 /* Release */ = {
			isa = XCBuildConfiguration;
			buildSettings = {
				ASSETCATALOG_COMPILER_APPICON_NAME = AppIcon;
				INFOPLIST_FILE = "内存缓存/Info.plist";
				LD_RUNPATH_SEARCH_PATHS = "$(inherited) @executable_path/Frameworks";
				PRODUCT_NAME = "$(TARGET_NAME)";
			};
			name = Release;
		};
		56AFBFC91A1C417700AADCE2 /* Debug */ = {
			isa = XCBuildConfiguration;
			buildSettings = {
				BUNDLE_LOADER = "$(TEST_HOST)";
				FRAMEWORK_SEARCH_PATHS = (
					"$(SDKROOT)/Developer/Library/Frameworks",
					"$(inherited)",
				);
				GCC_PREPROCESSOR_DEFINITIONS = (
					"DEBUG=1",
					"$(inherited)",
				);
				INFOPLIST_FILE = "内存缓存Tests/Info.plist";
				LD_RUNPATH_SEARCH_PATHS = "$(inherited) @executable_path/Frameworks @loader_path/Frameworks";
				PRODUCT_NAME = "$(TARGET_NAME)";
				TEST_HOST = "$(BUILT_PRODUCTS_DIR)/内存缓存.app/内存缓存";
			};
			name = Debug;
		};
		56AFBFCA1A1C417700AADCE2 /* Release */ = {
			isa = XCBuildConfiguration;
			buildSettings = {
				BUNDLE_LOADER = "$(TEST_HOST)";
				FRAMEWORK_SEARCH_PATHS = (
					"$(SDKROOT)/Developer/Library/Frameworks",
					"$(inherited)",
				);
				INFOPLIST_FILE = "内存缓存Tests/Info.plist";
				LD_RUNPATH_SEARCH_PATHS = "$(inherited) @executable_path/Frameworks @loader_path/Frameworks";
				PRODUCT_NAME = "$(TARGET_NAME)";
				TEST_HOST = "$(BUILT_PRODUCTS_DIR)/内存缓存.app/内存缓存";
			};
			name = Release;
		};
/* End XCBuildConfiguration section */

/* Begin XCConfigurationList section */
		56AFBF9D1A1C417700AADCE2 /* Build configuration list for PBXProject "内存缓存" */ = {
			isa = XCConfigurationList;
			buildConfigurations = (
				56AFBFC31A1C417700AADCE2 /* Debug */,
				56AFBFC41A1C417700AADCE2 /* Release */,
			);
			defaultConfigurationIsVisible = 0;
			defaultConfigurationName = Release;
		};
		56AFBFC51A1C417700AADCE2 /* Build configuration list for PBXNativeTarget "内存缓存" */ = {
			isa = XCConfigurationList;
			buildConfigurations = (
				56AFBFC61A1C417700AADCE2 /* Debug */,
				56AFBFC71A1C417700AADCE2 /* Release */,
			);
			defaultConfigurationIsVisible = 0;
		};
		56AFBFC81A1C417700AADCE2 /* Build configuration list for PBXNativeTarget "内存缓存Tests" */ = {
			isa = XCConfigurationList;
			buildConfigurations = (
				56AFBFC91A1C417700AADCE2 /* Debug */,
				56AFBFCA1A1C417700AADCE2 /* Release */,
			);
			defaultConfigurationIsVisible = 0;
		};
/* End XCConfigurationList section */
	};
	rootObject = 56AFBF9A1A1C417700AADCE2 /* Project object */;
}
